{
  "name": "docx-merger",
  "version": "0.1.0",
  "lockfileVersion": 2,
  "requires": true,
  "packages": {
    "": {
      "name": "docx-merger",
      "version": "0.1.0",
      "license": "MIT",
      "dependencies": {
        "@xmldom/xmldom": "^0.8.6",
        "jszip": "^2.6.1"
      },
      "devDependencies": {
        "esbuild": "^0.17.9",
        "rimraf": "^2.7.1"
      },
      "engines": {
        "yarn": "YARN NO LONGER USED - use npm instead."
      }
    },
    "node_modules/@esbuild/android-arm": {
      "version": "0.17.9",
      "resolved": "https://registry.npmjs.org/@esbuild/android-arm/-/android-arm-0.17.9.tgz",
      "integrity": "sha512-efHnZVJldh2e18fK40RYzYTTRDzZ0QgL9V/73PSsAH43BauvjVwkqSHPhbcn77H0EQOUM2JPuO/XCg7jcKt94A==",
      "cpu": [
        "arm"
      ],
      "dev": true,
      "optional": true,
      "os": [
        "android"
      ],
      "engines": {
        "node": ">=12"
      }
    },
    "node_modules/@esbuild/android-arm64": {
      "version": "0.17.9",
      "resolved": "https://registry.npmjs.org/@esbuild/android-arm64/-/android-arm64-0.17.9.tgz",
      "integrity": "sha512-bqds/6lXsCA7JhHGKIM/R80sy3BAIBR0HWyeas0bW57QVHT3Rz5sf4oUVS4ZsmN+J+8IgNnaIT2PXZ0pnRcLKg==",
      "cpu": [
        "arm64"
      ],
      "dev": true,
      "optional": true,
      "os": [
        "android"
      ],
      "engines": {
        "node": ">=12"
      }
    },
    "node_modules/@esbuild/android-x64": {
      "version": "0.17.9",
      "resolved": "https://registry.npmjs.org/@esbuild/android-x64/-/android-x64-0.17.9.tgz",
      "integrity": "sha512-pP+MLR/k8BAYZuOqEkjAaQd9/pzbNS52pNFiXgdiCHb/16u6o7s0rPF8vPlVg+1s8ii+M6HrymL4534xYwCQCA==",
      "cpu": [
        "x64"
      ],
      "dev": true,
      "optional": true,
      "os": [
        "android"
      ],
      "engines": {
        "node": ">=12"
      }
    },
    "node_modules/@esbuild/darwin-arm64": {
      "version": "0.17.9",
      "resolved": "https://registry.npmjs.org/@esbuild/darwin-arm64/-/darwin-arm64-0.17.9.tgz",
      "integrity": "sha512-Gdbnu/RCIGHE/zqLHZwujTXnHz0lBQxK9+llrbxm5tO46CMhqiOhUuA5Zt6q2imULNoPJtxmhspHSAQtcx2pkw==",
      "cpu": [
        "arm64"
      ],
      "dev": true,
      "optional": true,
      "os": [
        "darwin"
      ],
      "engines": {
        "node": ">=12"
      }
    },
    "node_modules/@esbuild/darwin-x64": {
      "version": "0.17.9",
      "resolved": "https://registry.npmjs.org/@esbuild/darwin-x64/-/darwin-x64-0.17.9.tgz",
      "integrity": "sha512-GEZsUsDjJnCTVWuaq1cJ1Y3oV9GmNj/h4j6jA29VYSip7S7nSSiAo4dQFBJg734QKZZFos8fHc4abJpoN2ebGw==",
      "cpu": [
        "x64"
      ],
      "dev": true,
      "optional": true,
      "os": [
        "darwin"
      ],
      "engines": {
        "node": ">=12"
      }
    },
    "node_modules/@esbuild/freebsd-arm64": {
      "version": "0.17.9",
      "resolved": "https://registry.npmjs.org/@esbuild/freebsd-arm64/-/freebsd-arm64-0.17.9.tgz",
      "integrity": "sha512-l3v6bZdpZIG4RpNKObqNqJhDvqQO5JqQlU2S+KyMCbf0xQhYCbTuhu5kKY8hndM1oKhmqq6VfPWhOSf6P3XT/g==",
      "cpu": [
        "arm64"
      ],
      "dev": true,
      "optional": true,
      "os": [
        "freebsd"
      ],
      "engines": {
        "node": ">=12"
      }
    },
    "node_modules/@esbuild/freebsd-x64": {
      "version": "0.17.9",
      "resolved": "https://registry.npmjs.org/@esbuild/freebsd-x64/-/freebsd-x64-0.17.9.tgz",
      "integrity": "sha512-o/qhS0gbIdS0AjgiT0mbdiRIyNVRD31N81c1H7NNM4p6jVkSvScqo0v9eYJ+30mPhJsL26BwSNiuFJzD/SCyuw==",
      "cpu": [
        "x64"
      ],
      "dev": true,
      "optional": true,
      "os": [
        "freebsd"
      ],
      "engines": {
        "node": ">=12"
      }
    },
    "node_modules/@esbuild/linux-arm": {
      "version": "0.17.9",
      "resolved": "https://registry.npmjs.org/@esbuild/linux-arm/-/linux-arm-0.17.9.tgz",
      "integrity": "sha512-AhSVW1uIbcXssQ1D+Mn0txGgcxU32ikvIxuqkmjLC7dUpcX0JuwkPgdqTOicuBjG06GV4WvXSHcKCBUjN+oBxA==",
      "cpu": [
        "arm"
      ],
      "dev": true,
      "optional": true,
      "os": [
        "linux"
      ],
      "engines": {
        "node": ">=12"
      }
    },
    "node_modules/@esbuild/linux-arm64": {
      "version": "0.17.9",
      "resolved": "https://registry.npmjs.org/@esbuild/linux-arm64/-/linux-arm64-0.17.9.tgz",
      "integrity": "sha512-o3bvDJn9txfMxrCVJATbL3NeksMT9MGqSN7vTeG9g+387rDzfUiWpF5CN/L0MoI3QTicTydEDOx0PVX8/q+nCA==",
      "cpu": [
        "arm64"
      ],
      "dev": true,
      "optional": true,
      "os": [
        "linux"
      ],
      "engines": {
        "node": ">=12"
      }
    },
    "node_modules/@esbuild/linux-ia32": {
      "version": "0.17.9",
      "resolved": "https://registry.npmjs.org/@esbuild/linux-ia32/-/linux-ia32-0.17.9.tgz",
      "integrity": "sha512-fh3Eb+jMHDJUd08vEYL8swRT7zJo4lhrcG8NYuosHVeT49XQ0Bn9xLMtgtYXjCw5aB11aphAUwnzawvDqJCqTQ==",
      "cpu": [
        "ia32"
      ],
      "dev": true,
      "optional": true,
      "os": [
        "linux"
      ],
      "engines": {
        "node": ">=12"
      }
    },
    "node_modules/@esbuild/linux-loong64": {
      "version": "0.17.9",
      "resolved": "https://registry.npmjs.org/@esbuild/linux-loong64/-/linux-loong64-0.17.9.tgz",
      "integrity": "sha512-+DvqOzQLkXonfQTHo4PTlbiTCfz0Rx6oYn3fQrUlPX2PffGOth4HjuP4jHeFbw0YFfOErhjM6n481nB4VTmmFQ==",
      "cpu": [
        "loong64"
      ],
      "dev": true,
      "optional": true,
      "os": [
        "linux"
      ],
      "engines": {
        "node": ">=12"
      }
    },
    "node_modules/@esbuild/linux-mips64el": {
      "version": "0.17.9",
      "resolved": "https://registry.npmjs.org/@esbuild/linux-mips64el/-/linux-mips64el-0.17.9.tgz",
      "integrity": "sha512-9O0HhtxRzx9OOqavv7kIONncJXxhzrbDFmOD+cJ/3UUsy8dn52J6X2xCeUOxbmEOXYP2K+uha7b1AXG/URhF5Q==",
      "cpu": [
        "mips64el"
      ],
      "dev": true,
      "optional": true,
      "os": [
        "linux"
      ],
      "engines": {
        "node": ">=12"
      }
    },
    "node_modules/@esbuild/linux-ppc64": {
      "version": "0.17.9",
      "resolved": "https://registry.npmjs.org/@esbuild/linux-ppc64/-/linux-ppc64-0.17.9.tgz",
      "integrity": "sha512-tOwSTDZ0X5rcYK3OyfJVf4fFlvYLv3HGCOJxdE9gZVeRkXXd6O9CJ/A4Li1Tt9JQs9kJcFWCXxCwhY70h+t9iw==",
      "cpu": [
        "ppc64"
      ],
      "dev": true,
      "optional": true,
      "os": [
        "linux"
      ],
      "engines": {
        "node": ">=12"
      }
    },
    "node_modules/@esbuild/linux-riscv64": {
      "version": "0.17.9",
      "resolved": "https://registry.npmjs.org/@esbuild/linux-riscv64/-/linux-riscv64-0.17.9.tgz",
      "integrity": "sha512-mmirCaZItLSPw7loFPHvdDXO0A2I+cYOQ96eerbWEjqi9V4u+vvYSoUR3Or7HLe1JUZS+T0YWN+jPUASc1hqzg==",
      "cpu": [
        "riscv64"
      ],
      "dev": true,
      "optional": true,
      "os": [
        "linux"
      ],
      "engines": {
        "node": ">=12"
      }
    },
    "node_modules/@esbuild/linux-s390x": {
      "version": "0.17.9",
      "resolved": "https://registry.npmjs.org/@esbuild/linux-s390x/-/linux-s390x-0.17.9.tgz",
      "integrity": "sha512-zuL5TDhxstsvxYVZ1McsnfNrO6vlpZmxiNShJmYuYPt8COBJ/4iRkwHZ5Rbf1OkEVazB3/WASNtopv1/Gq19IQ==",
      "cpu": [
        "s390x"
      ],
      "dev": true,
      "optional": true,
      "os": [
        "linux"
      ],
      "engines": {
        "node": ">=12"
      }
    },
    "node_modules/@esbuild/linux-x64": {
      "version": "0.17.9",
      "resolved": "https://registry.npmjs.org/@esbuild/linux-x64/-/linux-x64-0.17.9.tgz",
      "integrity": "sha512-jVa5NKqwBmq57aNDZOSnNuRTV5GrI93HdjTlyQyRrOs7OSEQq2r9NyaGd6KmzuxLz19XTanFt4WeGoLnjFT1Ug==",
      "cpu": [
        "x64"
      ],
      "dev": true,
      "optional": true,
      "os": [
        "linux"
      ],
      "engines": {
        "node": ">=12"
      }
    },
    "node_modules/@esbuild/netbsd-x64": {
      "version": "0.17.9",
      "resolved": "https://registry.npmjs.org/@esbuild/netbsd-x64/-/netbsd-x64-0.17.9.tgz",
      "integrity": "sha512-BRoQyPJ7aiQ7USFCtGmmrYTbRDa9muZAwoYchfqspd+ef8n2kKcXGQ0K2OqcLEqNFOwhLpAY4y4YAl22FbP+BA==",
      "cpu": [
        "x64"
      ],
      "dev": true,
      "optional": true,
      "os": [
        "netbsd"
      ],
      "engines": {
        "node": ">=12"
      }
    },
    "node_modules/@esbuild/openbsd-x64": {
      "version": "0.17.9",
      "resolved": "https://registry.npmjs.org/@esbuild/openbsd-x64/-/openbsd-x64-0.17.9.tgz",
      "integrity": "sha512-gDCVw9M2k8tyA9GokQEeh+L2gl0EZeGIIj5WB5H97Mb0ADq5Ea8vWyQs2iY1Q/tebcuP8cUoOZWxkCsmlyl1NA==",
      "cpu": [
        "x64"
      ],
      "dev": true,
      "optional": true,
      "os": [
        "openbsd"
      ],
      "engines": {
        "node": ">=12"
      }
    },
    "node_modules/@esbuild/sunos-x64": {
      "version": "0.17.9",
      "resolved": "https://registry.npmjs.org/@esbuild/sunos-x64/-/sunos-x64-0.17.9.tgz",
      "integrity": "sha512-f89/xt0Hzp7POTDJYSJvotyFXatxXBGXJyFFTQGJW+NTYhFHaMcrrb41OB3L8sfzYi3PSlM3pZnwlEk1QiBX2g==",
      "cpu": [
        "x64"
      ],
      "dev": true,
      "optional": true,
      "os": [
        "sunos"
      ],
      "engines": {
        "node": ">=12"
      }
    },
    "node_modules/@esbuild/win32-arm64": {
      "version": "0.17.9",
      "resolved": "https://registry.npmjs.org/@esbuild/win32-arm64/-/win32-arm64-0.17.9.tgz",
      "integrity": "sha512-jrU/SBHXc3NPS5mPgYeL8pgIrBTwdrnaoLtygkQtuPzz0oBjsTyxV46tZoOctv4Q1Jq06+4zsJWkTzVaoik8FQ==",
      "cpu": [
        "arm64"
      ],
      "dev": true,
      "optional": true,
      "os": [
        "win32"
      ],
      "engines": {
        "node": ">=12"
      }
    },
    "node_modules/@esbuild/win32-ia32": {
      "version": "0.17.9",
      "resolved": "https://registry.npmjs.org/@esbuild/win32-ia32/-/win32-ia32-0.17.9.tgz",
      "integrity": "sha512-/oVEu7DurNFM0E6qA18R8xkbYU6xilaTnqG65rqm4XJo8ONuqTzLnj/93bQps7RJIxPI+yKPl0Zx2KifvWUa5A==",
      "cpu": [
        "ia32"
      ],
      "dev": true,
      "optional": true,
      "os": [
        "win32"
      ],
      "engines": {
        "node": ">=12"
      }
    },
    "node_modules/@esbuild/win32-x64": {
      "version": "0.17.9",
      "resolved": "https://registry.npmjs.org/@esbuild/win32-x64/-/win32-x64-0.17.9.tgz",
      "integrity": "sha512-PLKuXKwlPljFrzzsUO6hHNWcYeE4a8FOX/6AJ7U7PajgKqtBGw2mGYxsfJHGb+UdfgdOapIOsYPgzMTG+SGDrg==",
      "cpu": [
        "x64"
      ],
      "dev": true,
      "optional": true,
      "os": [
        "win32"
      ],
      "engines": {
        "node": ">=12"
      }
    },
    "node_modules/@xmldom/xmldom": {
      "version": "0.8.6",
      "resolved": "https://registry.npmjs.org/@xmldom/xmldom/-/xmldom-0.8.6.tgz",
      "integrity": "sha512-uRjjusqpoqfmRkTaNuLJ2VohVr67Q5YwDATW3VU7PfzTj6IRaihGrYI7zckGZjxQPBIp63nfvJbM+Yu5ICh0Bg==",
      "engines": {
        "node": ">=10.0.0"
      }
    },
    "node_modules/balanced-match": {
      "version": "1.0.2",
      "resolved": "https://registry.npmjs.org/balanced-match/-/balanced-match-1.0.2.tgz",
      "integrity": "sha512-3oSeUO0TMV67hN1AmbXsK4yaqU7tjiHlbxRDZOpH0KW9+CeX4bRAaX0Anxt0tx2MrpRpWwQaPwIlISEJhYU5Pw==",
      "dev": true
    },
    "node_modules/brace-expansion": {
      "version": "1.1.11",
      "resolved": "https://registry.npmjs.org/brace-expansion/-/brace-expansion-1.1.11.tgz",
      "integrity": "sha512-iCuPHDFgrHX7H2vEI/5xpz07zSHB00TpugqhmYtVmMO6518mCuRMoOYFldEBl0g187ufozdaHgWKcYFb61qGiA==",
      "dev": true,
      "dependencies": {
        "balanced-match": "^1.0.0",
        "concat-map": "0.0.1"
      }
    },
    "node_modules/concat-map": {
      "version": "0.0.1",
      "resolved": "https://registry.npmjs.org/concat-map/-/concat-map-0.0.1.tgz",
      "integrity": "sha512-/Srv4dswyQNBfohGpz9o6Yb3Gz3SrUDqBH5rTuhGR7ahtlbYKnVxw2bCFMRljaA7EXHaXZ8wsHdodFvbkhKmqg==",
      "dev": true
    },
    "node_modules/esbuild": {
      "version": "0.17.9",
      "resolved": "https://registry.npmjs.org/esbuild/-/esbuild-0.17.9.tgz",
      "integrity": "sha512-m3b2MR76QkwKPw/KQBlBJVaIncfQhhXsDMCFPoyqEOIziV+O7BAKqOYT1NbHsnFUX0/98CLWxUfM5stzh4yq4Q==",
      "dev": true,
      "hasInstallScript": true,
      "bin": {
        "esbuild": "bin/esbuild"
      },
      "engines": {
        "node": ">=12"
      },
      "optionalDependencies": {
        "@esbuild/android-arm": "0.17.9",
        "@esbuild/android-arm64": "0.17.9",
        "@esbuild/android-x64": "0.17.9",
        "@esbuild/darwin-arm64": "0.17.9",
        "@esbuild/darwin-x64": "0.17.9",
        "@esbuild/freebsd-arm64": "0.17.9",
        "@esbuild/freebsd-x64": "0.17.9",
        "@esbuild/linux-arm": "0.17.9",
        "@esbuild/linux-arm64": "0.17.9",
        "@esbuild/linux-ia32": "0.17.9",
        "@esbuild/linux-loong64": "0.17.9",
        "@esbuild/linux-mips64el": "0.17.9",
        "@esbuild/linux-ppc64": "0.17.9",
        "@esbuild/linux-riscv64": "0.17.9",
        "@esbuild/linux-s390x": "0.17.9",
        "@esbuild/linux-x64": "0.17.9",
        "@esbuild/netbsd-x64": "0.17.9",
        "@esbuild/openbsd-x64": "0.17.9",
        "@esbuild/sunos-x64": "0.17.9",
        "@esbuild/win32-arm64": "0.17.9",
        "@esbuild/win32-ia32": "0.17.9",
        "@esbuild/win32-x64": "0.17.9"
      }
    },
    "node_modules/fs.realpath": {
      "version": "1.0.0",
      "resolved": "https://registry.npmjs.org/fs.realpath/-/fs.realpath-1.0.0.tgz",
      "integrity": "sha512-OO0pH2lK6a0hZnAdau5ItzHPI6pUlvI7jMVnxUQRtw4owF2wk8lOSabtGDCTP4Ggrg2MbGnWO9X8K1t4+fGMDw==",
      "dev": true
    },
    "node_modules/glob": {
      "version": "7.2.3",
      "resolved": "https://registry.npmjs.org/glob/-/glob-7.2.3.tgz",
      "integrity": "sha512-nFR0zLpU2YCaRxwoCJvL6UvCH2JFyFVIvwTLsIf21AuHlMskA1hhTdk+LlYJtOlYt9v6dvszD2BGRqBL+iQK9Q==",
      "dev": true,
      "dependencies": {
        "fs.realpath": "^1.0.0",
        "inflight": "^1.0.4",
        "inherits": "2",
        "minimatch": "^3.1.1",
        "once": "^1.3.0",
        "path-is-absolute": "^1.0.0"
      },
      "engines": {
        "node": "*"
      },
      "funding": {
        "url": "https://github.com/sponsors/isaacs"
      }
    },
    "node_modules/inflight": {
      "version": "1.0.6",
      "resolved": "https://registry.npmjs.org/inflight/-/inflight-1.0.6.tgz",
      "integrity": "sha512-k92I/b08q4wvFscXCLvqfsHCrjrF7yiXsQuIVvVE7N82W3+aqpzuUdBbfhWcy/FZR3/4IgflMgKLOsvPDrGCJA==",
      "dev": true,
      "dependencies": {
        "once": "^1.3.0",
        "wrappy": "1"
      }
    },
    "node_modules/inherits": {
      "version": "2.0.4",
      "resolved": "https://registry.npmjs.org/inherits/-/inherits-2.0.4.tgz",
      "integrity": "sha512-k/vGaX4/Yla3WzyMCvTQOXYeIHvqOKtnqBduzTHpzpQZzAskKMhZ2K+EnBiSM9zGSoIFeMpXKxa4dYeZIQqewQ==",
      "dev": true
    },
    "node_modules/jszip": {
      "version": "2.7.0",
      "resolved": "https://registry.npmjs.org/jszip/-/jszip-2.7.0.tgz",
      "integrity": "sha512-JIsRKRVC3gTRo2vM4Wy9WBC3TRcfnIZU8k65Phi3izkvPH975FowRYtKGT6PxevA0XnJ/yO8b0QwV0ydVyQwfw==",
      "dependencies": {
        "pako": "~1.0.2"
      }
    },
    "node_modules/minimatch": {
      "version": "3.1.2",
      "resolved": "https://registry.npmjs.org/minimatch/-/minimatch-3.1.2.tgz",
      "integrity": "sha512-J7p63hRiAjw1NDEww1W7i37+ByIrOWO5XQQAzZ3VOcL0PNybwpfmV/N05zFAzwQ9USyEcX6t3UO+K5aqBQOIHw==",
      "dev": true,
      "dependencies": {
        "brace-expansion": "^1.1.7"
      },
      "engines": {
        "node": "*"
      }
    },
    "node_modules/once": {
      "version": "1.4.0",
      "resolved": "https://registry.npmjs.org/once/-/once-1.4.0.tgz",
      "integrity": "sha512-lNaJgI+2Q5URQBkccEKHTQOPaXdUxnZZElQTZY0MFUAuaEqe1E+Nyvgdz/aIyNi6Z9MzO5dv1H8n58/GELp3+w==",
      "dev": true,
      "dependencies": {
        "wrappy": "1"
      }
    },
    "node_modules/pako": {
      "version": "1.0.11",
      "resolved": "https://registry.npmjs.org/pako/-/pako-1.0.11.tgz",
      "integrity": "sha512-4hLB8Py4zZce5s4yd9XzopqwVv/yGNhV1Bl8NTmCq1763HeK2+EwVTv+leGeL13Dnh2wfbqowVPXCIO0z4taYw=="
    },
    "node_modules/path-is-absolute": {
      "version": "1.0.1",
      "resolved": "https://registry.npmjs.org/path-is-absolute/-/path-is-absolute-1.0.1.tgz",
      "integrity": "sha512-AVbw3UJ2e9bq64vSaS9Am0fje1Pa8pbGqTTsmXfaIiMpnr5DlDhfJOuLj9Sf95ZPVDAUerDfEk88MPmPe7UCQg==",
      "dev": true,
      "engines": {
        "node": ">=0.10.0"
      }
    },
    "node_modules/rimraf": {
      "version": "2.7.1",
      "resolved": "https://registry.npmjs.org/rimraf/-/rimraf-2.7.1.tgz",
      "integrity": "sha512-uWjbaKIK3T1OSVptzX7Nl6PvQ3qAGtKEtVRjRuazjfL3Bx5eI409VZSqgND+4UNnmzLVdPj9FqFJNPqBZFve4w==",
      "dev": true,
      "dependencies": {
        "glob": "^7.1.3"
      },
      "bin": {
        "rimraf": "bin.js"
      }
    },
    "node_modules/wrappy": {
      "version": "1.0.2",
      "resolved": "https://registry.npmjs.org/wrappy/-/wrappy-1.0.2.tgz",
      "integrity": "sha512-l4Sp/DRseor9wL6EvV2+TuQn63dMkPjZ/sp9XkghTEbV9KlPS1xUsZ3u7/IQO4wxtcFB4bgpQPRcR3QCvezPcQ==",
      "dev": true
    }
  },
  "dependencies": {
    "@esbuild/android-arm": {
      "version": "0.17.9",
      "resolved": "https://registry.npmjs.org/@esbuild/android-arm/-/android-arm-0.17.9.tgz",
      "integrity": "sha512-efHnZVJldh2e18fK40RYzYTTRDzZ0QgL9V/73PSsAH43BauvjVwkqSHPhbcn77H0EQOUM2JPuO/XCg7jcKt94A==",
      "dev": true,
      "optional": true
    },
    "@esbuild/android-arm64": {
      "version": "0.17.9",
      "resolved": "https://registry.npmjs.org/@esbuild/android-arm64/-/android-arm64-0.17.9.tgz",
      "integrity": "sha512-bqds/6lXsCA7JhHGKIM/R80sy3BAIBR0HWyeas0bW57QVHT3Rz5sf4oUVS4ZsmN+J+8IgNnaIT2PXZ0pnRcLKg==",
      "dev": true,
      "optional": true
    },
    "@esbuild/android-x64": {
      "version": "0.17.9",
      "resolved": "https://registry.npmjs.org/@esbuild/android-x64/-/android-x64-0.17.9.tgz",
      "integrity": "sha512-pP+MLR/k8BAYZuOqEkjAaQd9/pzbNS52pNFiXgdiCHb/16u6o7s0rPF8vPlVg+1s8ii+M6HrymL4534xYwCQCA==",
      "dev": true,
      "optional": true
    },
    "@esbuild/darwin-arm64": {
      "version": "0.17.9",
      "resolved": "https://registry.npmjs.org/@esbuild/darwin-arm64/-/darwin-arm64-0.17.9.tgz",
      "integrity": "sha512-Gdbnu/RCIGHE/zqLHZwujTXnHz0lBQxK9+llrbxm5tO46CMhqiOhUuA5Zt6q2imULNoPJtxmhspHSAQtcx2pkw==",
      "dev": true,
      "optional": true
    },
    "@esbuild/darwin-x64": {
      "version": "0.17.9",
      "resolved": "https://registry.npmjs.org/@esbuild/darwin-x64/-/darwin-x64-0.17.9.tgz",
      "integrity": "sha512-GEZsUsDjJnCTVWuaq1cJ1Y3oV9GmNj/h4j6jA29VYSip7S7nSSiAo4dQFBJg734QKZZFos8fHc4abJpoN2ebGw==",
      "dev": true,
      "optional": true
    },
    "@esbuild/freebsd-arm64": {
      "version": "0.17.9",
      "resolved": "https://registry.npmjs.org/@esbuild/freebsd-arm64/-/freebsd-arm64-0.17.9.tgz",
      "integrity": "sha512-l3v6bZdpZIG4RpNKObqNqJhDvqQO5JqQlU2S+KyMCbf0xQhYCbTuhu5kKY8hndM1oKhmqq6VfPWhOSf6P3XT/g==",
      "dev": true,
      "optional": true
    },
    "@esbuild/freebsd-x64": {
      "version": "0.17.9",
      "resolved": "https://registry.npmjs.org/@esbuild/freebsd-x64/-/freebsd-x64-0.17.9.tgz",
      "integrity": "sha512-o/qhS0gbIdS0AjgiT0mbdiRIyNVRD31N81c1H7NNM4p6jVkSvScqo0v9eYJ+30mPhJsL26BwSNiuFJzD/SCyuw==",
      "dev": true,
      "optional": true
    },
    "@esbuild/linux-arm": {
      "version": "0.17.9",
      "resolved": "https://registry.npmjs.org/@esbuild/linux-arm/-/linux-arm-0.17.9.tgz",
      "integrity": "sha512-AhSVW1uIbcXssQ1D+Mn0txGgcxU32ikvIxuqkmjLC7dUpcX0JuwkPgdqTOicuBjG06GV4WvXSHcKCBUjN+oBxA==",
      "dev": true,
      "optional": true
    },
    "@esbuild/linux-arm64": {
      "version": "0.17.9",
      "resolved": "https://registry.npmjs.org/@esbuild/linux-arm64/-/linux-arm64-0.17.9.tgz",
      "integrity": "sha512-o3bvDJn9txfMxrCVJATbL3NeksMT9MGqSN7vTeG9g+387rDzfUiWpF5CN/L0MoI3QTicTydEDOx0PVX8/q+nCA==",
      "dev": true,
      "optional": true
    },
    "@esbuild/linux-ia32": {
      "version": "0.17.9",
      "resolved": "https://registry.npmjs.org/@esbuild/linux-ia32/-/linux-ia32-0.17.9.tgz",
      "integrity": "sha512-fh3Eb+jMHDJUd08vEYL8swRT7zJo4lhrcG8NYuosHVeT49XQ0Bn9xLMtgtYXjCw5aB11aphAUwnzawvDqJCqTQ==",
      "dev": true,
      "optional": true
    },
    "@esbuild/linux-loong64": {
      "version": "0.17.9",
      "resolved": "https://registry.npmjs.org/@esbuild/linux-loong64/-/linux-loong64-0.17.9.tgz",
      "integrity": "sha512-+DvqOzQLkXonfQTHo4PTlbiTCfz0Rx6oYn3fQrUlPX2PffGOth4HjuP4jHeFbw0YFfOErhjM6n481nB4VTmmFQ==",
      "dev": true,
      "optional": true
    },
    "@esbuild/linux-mips64el": {
      "version": "0.17.9",
      "resolved": "https://registry.npmjs.org/@esbuild/linux-mips64el/-/linux-mips64el-0.17.9.tgz",
      "integrity": "sha512-9O0HhtxRzx9OOqavv7kIONncJXxhzrbDFmOD+cJ/3UUsy8dn52J6X2xCeUOxbmEOXYP2K+uha7b1AXG/URhF5Q==",
      "dev": true,
      "optional": true
    },
    "@esbuild/linux-ppc64": {
      "version": "0.17.9",
      "resolved": "https://registry.npmjs.org/@esbuild/linux-ppc64/-/linux-ppc64-0.17.9.tgz",
      "integrity": "sha512-tOwSTDZ0X5rcYK3OyfJVf4fFlvYLv3HGCOJxdE9gZVeRkXXd6O9CJ/A4Li1Tt9JQs9kJcFWCXxCwhY70h+t9iw==",
      "dev": true,
      "optional": true
    },
    "@esbuild/linux-riscv64": {
      "version": "0.17.9",
      "resolved": "https://registry.npmjs.org/@esbuild/linux-riscv64/-/linux-riscv64-0.17.9.tgz",
      "integrity": "sha512-mmirCaZItLSPw7loFPHvdDXO0A2I+cYOQ96eerbWEjqi9V4u+vvYSoUR3Or7HLe1JUZS+T0YWN+jPUASc1hqzg==",
      "dev": true,
      "optional": true
    },
    "@esbuild/linux-s390x": {
      "version": "0.17.9",
      "resolved": "https://registry.npmjs.org/@esbuild/linux-s390x/-/linux-s390x-0.17.9.tgz",
      "integrity": "sha512-zuL5TDhxstsvxYVZ1McsnfNrO6vlpZmxiNShJmYuYPt8COBJ/4iRkwHZ5Rbf1OkEVazB3/WASNtopv1/Gq19IQ==",
      "dev": true,
      "optional": true
    },
    "@esbuild/linux-x64": {
      "version": "0.17.9",
      "resolved": "https://registry.npmjs.org/@esbuild/linux-x64/-/linux-x64-0.17.9.tgz",
      "integrity": "sha512-jVa5NKqwBmq57aNDZOSnNuRTV5GrI93HdjTlyQyRrOs7OSEQq2r9NyaGd6KmzuxLz19XTanFt4WeGoLnjFT1Ug==",
      "dev": true,
      "optional": true
    },
    "@esbuild/netbsd-x64": {
      "version": "0.17.9",
      "resolved": "https://registry.npmjs.org/@esbuild/netbsd-x64/-/netbsd-x64-0.17.9.tgz",
      "integrity": "sha512-BRoQyPJ7aiQ7USFCtGmmrYTbRDa9muZAwoYchfqspd+ef8n2kKcXGQ0K2OqcLEqNFOwhLpAY4y4YAl22FbP+BA==",
      "dev": true,
      "optional": true
    },
    "@esbuild/openbsd-x64": {
      "version": "0.17.9",
      "resolved": "https://registry.npmjs.org/@esbuild/openbsd-x64/-/openbsd-x64-0.17.9.tgz",
      "integrity": "sha512-gDCVw9M2k8tyA9GokQEeh+L2gl0EZeGIIj5WB5H97Mb0ADq5Ea8vWyQs2iY1Q/tebcuP8cUoOZWxkCsmlyl1NA==",
      "dev": true,
      "optional": true
    },
    "@esbuild/sunos-x64": {
      "version": "0.17.9",
      "resolved": "https://registry.npmjs.org/@esbuild/sunos-x64/-/sunos-x64-0.17.9.tgz",
      "integrity": "sha512-f89/xt0Hzp7POTDJYSJvotyFXatxXBGXJyFFTQGJW+NTYhFHaMcrrb41OB3L8sfzYi3PSlM3pZnwlEk1QiBX2g==",
      "dev": true,
      "optional": true
    },
    "@esbuild/win32-arm64": {
      "version": "0.17.9",
      "resolved": "https://registry.npmjs.org/@esbuild/win32-arm64/-/win32-arm64-0.17.9.tgz",
      "integrity": "sha512-jrU/SBHXc3NPS5mPgYeL8pgIrBTwdrnaoLtygkQtuPzz0oBjsTyxV46tZoOctv4Q1Jq06+4zsJWkTzVaoik8FQ==",
      "dev": true,
      "optional": true
    },
    "@esbuild/win32-ia32": {
      "version": "0.17.9",
      "resolved": "https://registry.npmjs.org/@esbuild/win32-ia32/-/win32-ia32-0.17.9.tgz",
      "integrity": "sha512-/oVEu7DurNFM0E6qA18R8xkbYU6xilaTnqG65rqm4XJo8ONuqTzLnj/93bQps7RJIxPI+yKPl0Zx2KifvWUa5A==",
      "dev": true,
      "optional": true
    },
    "@esbuild/win32-x64": {
      "version": "0.17.9",
      "resolved": "https://registry.npmjs.org/@esbuild/win32-x64/-/win32-x64-0.17.9.tgz",
      "integrity": "sha512-PLKuXKwlPljFrzzsUO6hHNWcYeE4a8FOX/6AJ7U7PajgKqtBGw2mGYxsfJHGb+UdfgdOapIOsYPgzMTG+SGDrg==",
      "dev": true,
      "optional": true
    },
    "@xmldom/xmldom": {
      "version": "0.8.6",
      "resolved": "https://registry.npmjs.org/@xmldom/xmldom/-/xmldom-0.8.6.tgz",
      "integrity": "sha512-uRjjusqpoqfmRkTaNuLJ2VohVr67Q5YwDATW3VU7PfzTj6IRaihGrYI7zckGZjxQPBIp63nfvJbM+Yu5ICh0Bg=="
    },
    "balanced-match": {
      "version": "1.0.2",
      "resolved": "https://registry.npmjs.org/balanced-match/-/balanced-match-1.0.2.tgz",
      "integrity": "sha512-3oSeUO0TMV67hN1AmbXsK4yaqU7tjiHlbxRDZOpH0KW9+CeX4bRAaX0Anxt0tx2MrpRpWwQaPwIlISEJhYU5Pw==",
      "dev": true
    },
    "brace-expansion": {
      "version": "1.1.11",
      "resolved": "https://registry.npmjs.org/brace-expansion/-/brace-expansion-1.1.11.tgz",
      "integrity": "sha512-iCuPHDFgrHX7H2vEI/5xpz07zSHB00TpugqhmYtVmMO6518mCuRMoOYFldEBl0g187ufozdaHgWKcYFb61qGiA==",
      "dev": true,
      "requires": {
        "balanced-match": "^1.0.0",
        "concat-map": "0.0.1"
      }
    },
    "concat-map": {
      "version": "0.0.1",
      "resolved": "https://registry.npmjs.org/concat-map/-/concat-map-0.0.1.tgz",
      "integrity": "sha512-/Srv4dswyQNBfohGpz9o6Yb3Gz3SrUDqBH5rTuhGR7ahtlbYKnVxw2bCFMRljaA7EXHaXZ8wsHdodFvbkhKmqg==",
      "dev": true
    },
    "esbuild": {
      "version": "0.17.9",
      "resolved": "https://registry.npmjs.org/esbuild/-/esbuild-0.17.9.tgz",
      "integrity": "sha512-m3b2MR76QkwKPw/KQBlBJVaIncfQhhXsDMCFPoyqEOIziV+O7BAKqOYT1NbHsnFUX0/98CLWxUfM5stzh4yq4Q==",
      "dev": true,
      "requires": {
        "@esbuild/android-arm": "0.17.9",
        "@esbuild/android-arm64": "0.17.9",
        "@esbuild/android-x64": "0.17.9",
        "@esbuild/darwin-arm64": "0.17.9",
        "@esbuild/darwin-x64": "0.17.9",
        "@esbuild/freebsd-arm64": "0.17.9",
        "@esbuild/freebsd-x64": "0.17.9",
        "@esbuild/linux-arm": "0.17.9",
        "@esbuild/linux-arm64": "0.17.9",
        "@esbuild/linux-ia32": "0.17.9",
        "@esbuild/linux-loong64": "0.17.9",
        "@esbuild/linux-mips64el": "0.17.9",
        "@esbuild/linux-ppc64": "0.17.9",
        "@esbuild/linux-riscv64": "0.17.9",
        "@esbuild/linux-s390x": "0.17.9",
        "@esbuild/linux-x64": "0.17.9",
        "@esbuild/netbsd-x64": "0.17.9",
        "@esbuild/openbsd-x64": "0.17.9",
        "@esbuild/sunos-x64": "0.17.9",
        "@esbuild/win32-arm64": "0.17.9",
        "@esbuild/win32-ia32": "0.17.9",
        "@esbuild/win32-x64": "0.17.9"
      }
    },
    "fs.realpath": {
      "version": "1.0.0",
      "resolved": "https://registry.npmjs.org/fs.realpath/-/fs.realpath-1.0.0.tgz",
      "integrity": "sha512-OO0pH2lK6a0hZnAdau5ItzHPI6pUlvI7jMVnxUQRtw4owF2wk8lOSabtGDCTP4Ggrg2MbGnWO9X8K1t4+fGMDw==",
      "dev": true
    },
    "glob": {
      "version": "7.2.3",
      "resolved": "https://registry.npmjs.org/glob/-/glob-7.2.3.tgz",
      "integrity": "sha512-nFR0zLpU2YCaRxwoCJvL6UvCH2JFyFVIvwTLsIf21AuHlMskA1hhTdk+LlYJtOlYt9v6dvszD2BGRqBL+iQK9Q==",
      "dev": true,
      "requires": {
        "fs.realpath": "^1.0.0",
        "inflight": "^1.0.4",
        "inherits": "2",
        "minimatch": "^3.1.1",
        "once": "^1.3.0",
        "path-is-absolute": "^1.0.0"
      }
    },
    "inflight": {
      "version": "1.0.6",
      "resolved": "https://registry.npmjs.org/inflight/-/inflight-1.0.6.tgz",
      "integrity": "sha512-k92I/b08q4wvFscXCLvqfsHCrjrF7yiXsQuIVvVE7N82W3+aqpzuUdBbfhWcy/FZR3/4IgflMgKLOsvPDrGCJA==",
      "dev": true,
      "requires": {
        "once": "^1.3.0",
        "wrappy": "1"
      }
    },
    "inherits": {
      "version": "2.0.4",
      "resolved": "https://registry.npmjs.org/inherits/-/inherits-2.0.4.tgz",
      "integrity": "sha512-k/vGaX4/Yla3WzyMCvTQOXYeIHvqOKtnqBduzTHpzpQZzAskKMhZ2K+EnBiSM9zGSoIFeMpXKxa4dYeZIQqewQ==",
      "dev": true
    },
    "jszip": {
      "version": "2.7.0",
      "resolved": "https://registry.npmjs.org/jszip/-/jszip-2.7.0.tgz",
      "integrity": "sha512-JIsRKRVC3gTRo2vM4Wy9WBC3TRcfnIZU8k65Phi3izkvPH975FowRYtKGT6PxevA0XnJ/yO8b0QwV0ydVyQwfw==",
      "requires": {
        "pako": "~1.0.2"
      }
    },
    "minimatch": {
      "version": "3.1.2",
      "resolved": "https://registry.npmjs.org/minimatch/-/minimatch-3.1.2.tgz",
      "integrity": "sha512-J7p63hRiAjw1NDEww1W7i37+ByIrOWO5XQQAzZ3VOcL0PNybwpfmV/N05zFAzwQ9USyEcX6t3UO+K5aqBQOIHw==",
      "dev": true,
      "requires": {
        "brace-expansion": "^1.1.7"
      }
    },
    "once": {
      "version": "1.4.0",
      "resolved": "https://registry.npmjs.org/once/-/once-1.4.0.tgz",
      "integrity": "sha512-lNaJgI+2Q5URQBkccEKHTQOPaXdUxnZZElQTZY0MFUAuaEqe1E+Nyvgdz/aIyNi6Z9MzO5dv1H8n58/GELp3+w==",
      "dev": true,
      "requires": {
        "wrappy": "1"
      }
    },
    "pako": {
      "version": "1.0.11",
      "resolved": "https://registry.npmjs.org/pako/-/pako-1.0.11.tgz",
      "integrity": "sha512-4hLB8Py4zZce5s4yd9XzopqwVv/yGNhV1Bl8NTmCq1763HeK2+EwVTv+leGeL13Dnh2wfbqowVPXCIO0z4taYw=="
    },
    "path-is-absolute": {
      "version": "1.0.1",
      "resolved": "https://registry.npmjs.org/path-is-absolute/-/path-is-absolute-1.0.1.tgz",
      "integrity": "sha512-AVbw3UJ2e9bq64vSaS9Am0fje1Pa8pbGqTTsmXfaIiMpnr5DlDhfJOuLj9Sf95ZPVDAUerDfEk88MPmPe7UCQg==",
      "dev": true
    },
    "rimraf": {
      "version": "2.7.1",
      "resolved": "https://registry.npmjs.org/rimraf/-/rimraf-2.7.1.tgz",
      "integrity": "sha512-uWjbaKIK3T1OSVptzX7Nl6PvQ3qAGtKEtVRjRuazjfL3Bx5eI409VZSqgND+4UNnmzLVdPj9FqFJNPqBZFve4w==",
      "dev": true,
      "requires": {
        "glob": "^7.1.3"
      }
    },
    "wrappy": {
      "version": "1.0.2",
      "resolved": "https://registry.npmjs.org/wrappy/-/wrappy-1.0.2.tgz",
      "integrity": "sha512-l4Sp/DRseor9wL6EvV2+TuQn63dMkPjZ/sp9XkghTEbV9KlPS1xUsZ3u7/IQO4wxtcFB4bgpQPRcR3QCvezPcQ==",
      "dev": true
    }
  }
}
